
Microsoft Visual Studio Solution File, Format Version 12.00
Project("{2150E333-8FDC-42A3-9474-1A3956D46DE8}") = "Solution Items", "Solution Items", "{6711CB5F-0D3C-4F40-A636-03D1E4C81321}"
	ProjectSection(SolutionItems) = preProject
		.editorconfig = .editorconfig
		.gitattributes = .gitattributes
		.gitignore = .gitignore
		Directory.Build.props = Directory.Build.props
		Directory.Packages.props = Directory.Packages.props
		LICENSE = LICENSE
		README.md = README.md
	EndProjectSection
EndProject
Project("{FAE04EC0-301F-11D3-BF4B-00C04F79EFBC}") = "Atmos.Services.Default", "src\Atmos.Services.Default\Atmos.Services.Default.csproj", "{C54F874D-A343-40E8-ACEC-29536381B4B9}"
EndProject
Project("{FAE04EC0-301F-11D3-BF4B-00C04F79EFBC}") = "Atmos.AppHost", "src\Atmos.AppHost\Atmos.AppHost.csproj", "{D26A897A-3CFF-49F5-9C11-0D046C4DF736}"
EndProject
Project("{FAE04EC0-301F-11D3-BF4B-00C04F79EFBC}") = "Atmos.Api.Content", "src\Atmos.Api.Content\Atmos.Api.Content.csproj", "{B154742A-6B9B-4438-A7DB-0664093F887C}"
EndProject
Project("{2150E333-8FDC-42A3-9474-1A3956D46DE8}") = "Aspire", "Aspire", "{AE7D4626-A561-42C8-8B61-770D16417AAF}"
EndProject
Project("{FAE04EC0-301F-11D3-BF4B-00C04F79EFBC}") = "Atmos.Domain", "src\Atmos.Domain\Atmos.Domain.csproj", "{4AB9314A-B0AB-4B38-8650-FB90E300BDE6}"
EndProject
Project("{FAE04EC0-301F-11D3-BF4B-00C04F79EFBC}") = "Atmos.Database", "src\Atmos.Database\Atmos.Database.csproj", "{07E793C8-4650-4CDC-8296-0B5F5D546150}"
EndProject
Project("{2150E333-8FDC-42A3-9474-1A3956D46DE8}") = "Api", "Api", "{353B4487-1721-4D7D-9EC5-EB1BF31EB082}"
EndProject
Project("{2150E333-8FDC-42A3-9474-1A3956D46DE8}") = "Shared", "Shared", "{5A57F757-E239-4052-B57D-BEDF0E3B7281}"
EndProject
Project("{FAE04EC0-301F-11D3-BF4B-00C04F79EFBC}") = "Atmos.Services.Api", "src\Atmos.Services.Api\Atmos.Services.Api.csproj", "{3B8010E5-B9F4-42B2-9B3B-F3E292F464E6}"
EndProject
Project("{FAE04EC0-301F-11D3-BF4B-00C04F79EFBC}") = "Atmos.Api.Management", "src\Atmos.Api.Management\Atmos.Api.Management.csproj", "{677630E7-BDC4-4AE1-8382-93A40FEC6878}"
EndProject
Project("{2150E333-8FDC-42A3-9474-1A3956D46DE8}") = "Web", "Web", "{666916D4-2926-42D3-8208-137DD104F23F}"
EndProject
Project("{FAE04EC0-301F-11D3-BF4B-00C04F79EFBC}") = "Atmos.Web", "src\Atmos.Web\Atmos.Web.csproj", "{E26FE6AD-89F5-44E4-B839-26C13F8C8D9D}"
EndProject
Global
	GlobalSection(SolutionConfigurationPlatforms) = preSolution
		Debug|Any CPU = Debug|Any CPU
		Release|Any CPU = Release|Any CPU
	EndGlobalSection
	GlobalSection(ProjectConfigurationPlatforms) = postSolution
		{C54F874D-A343-40E8-ACEC-29536381B4B9}.Debug|Any CPU.ActiveCfg = Debug|Any CPU
		{C54F874D-A343-40E8-ACEC-29536381B4B9}.Debug|Any CPU.Build.0 = Debug|Any CPU
		{C54F874D-A343-40E8-ACEC-29536381B4B9}.Release|Any CPU.ActiveCfg = Release|Any CPU
		{C54F874D-A343-40E8-ACEC-29536381B4B9}.Release|Any CPU.Build.0 = Release|Any CPU
		{D26A897A-3CFF-49F5-9C11-0D046C4DF736}.Debug|Any CPU.ActiveCfg = Debug|Any CPU
		{D26A897A-3CFF-49F5-9C11-0D046C4DF736}.Debug|Any CPU.Build.0 = Debug|Any CPU
		{D26A897A-3CFF-49F5-9C11-0D046C4DF736}.Release|Any CPU.ActiveCfg = Release|Any CPU
		{D26A897A-3CFF-49F5-9C11-0D046C4DF736}.Release|Any CPU.Build.0 = Release|Any CPU
		{B154742A-6B9B-4438-A7DB-0664093F887C}.Debug|Any CPU.ActiveCfg = Debug|Any CPU
		{B154742A-6B9B-4438-A7DB-0664093F887C}.Debug|Any CPU.Build.0 = Debug|Any CPU
		{B154742A-6B9B-4438-A7DB-0664093F887C}.Release|Any CPU.ActiveCfg = Release|Any CPU
		{B154742A-6B9B-4438-A7DB-0664093F887C}.Release|Any CPU.Build.0 = Release|Any CPU
		{4AB9314A-B0AB-4B38-8650-FB90E300BDE6}.Debug|Any CPU.ActiveCfg = Debug|Any CPU
		{4AB9314A-B0AB-4B38-8650-FB90E300BDE6}.Debug|Any CPU.Build.0 = Debug|Any CPU
		{4AB9314A-B0AB-4B38-8650-FB90E300BDE6}.Release|Any CPU.ActiveCfg = Release|Any CPU
		{4AB9314A-B0AB-4B38-8650-FB90E300BDE6}.Release|Any CPU.Build.0 = Release|Any CPU
		{07E793C8-4650-4CDC-8296-0B5F5D546150}.Debug|Any CPU.ActiveCfg = Debug|Any CPU
		{07E793C8-4650-4CDC-8296-0B5F5D546150}.Debug|Any CPU.Build.0 = Debug|Any CPU
		{07E793C8-4650-4CDC-8296-0B5F5D546150}.Release|Any CPU.ActiveCfg = Release|Any CPU
		{07E793C8-4650-4CDC-8296-0B5F5D546150}.Release|Any CPU.Build.0 = Release|Any CPU
		{3B8010E5-B9F4-42B2-9B3B-F3E292F464E6}.Debug|Any CPU.ActiveCfg = Debug|Any CPU
		{3B8010E5-B9F4-42B2-9B3B-F3E292F464E6}.Debug|Any CPU.Build.0 = Debug|Any CPU
		{3B8010E5-B9F4-42B2-9B3B-F3E292F464E6}.Release|Any CPU.ActiveCfg = Release|Any CPU
		{3B8010E5-B9F4-42B2-9B3B-F3E292F464E6}.Release|Any CPU.Build.0 = Release|Any CPU
		{677630E7-BDC4-4AE1-8382-93A40FEC6878}.Debug|Any CPU.ActiveCfg = Debug|Any CPU
		{677630E7-BDC4-4AE1-8382-93A40FEC6878}.Debug|Any CPU.Build.0 = Debug|Any CPU
		{677630E7-BDC4-4AE1-8382-93A40FEC6878}.Release|Any CPU.ActiveCfg = Release|Any CPU
		{677630E7-BDC4-4AE1-8382-93A40FEC6878}.Release|Any CPU.Build.0 = Release|Any CPU
		{E26FE6AD-89F5-44E4-B839-26C13F8C8D9D}.Debug|Any CPU.ActiveCfg = Debug|Any CPU
		{E26FE6AD-89F5-44E4-B839-26C13F8C8D9D}.Debug|Any CPU.Build.0 = Debug|Any CPU
		{E26FE6AD-89F5-44E4-B839-26C13F8C8D9D}.Release|Any CPU.ActiveCfg = Release|Any CPU
		{E26FE6AD-89F5-44E4-B839-26C13F8C8D9D}.Release|Any CPU.Build.0 = Release|Any CPU
	EndGlobalSection
	GlobalSection(NestedProjects) = preSolution
		{D26A897A-3CFF-49F5-9C11-0D046C4DF736} = {AE7D4626-A561-42C8-8B61-770D16417AAF}
		{C54F874D-A343-40E8-ACEC-29536381B4B9} = {AE7D4626-A561-42C8-8B61-770D16417AAF}
		{B154742A-6B9B-4438-A7DB-0664093F887C} = {353B4487-1721-4D7D-9EC5-EB1BF31EB082}
		{07E793C8-4650-4CDC-8296-0B5F5D546150} = {5A57F757-E239-4052-B57D-BEDF0E3B7281}
		{4AB9314A-B0AB-4B38-8650-FB90E300BDE6} = {5A57F757-E239-4052-B57D-BEDF0E3B7281}
		{3B8010E5-B9F4-42B2-9B3B-F3E292F464E6} = {353B4487-1721-4D7D-9EC5-EB1BF31EB082}
		{677630E7-BDC4-4AE1-8382-93A40FEC6878} = {353B4487-1721-4D7D-9EC5-EB1BF31EB082}
		{E26FE6AD-89F5-44E4-B839-26C13F8C8D9D} = {666916D4-2926-42D3-8208-137DD104F23F}
	EndGlobalSection
EndGlobal
